
Microsoft Visual Studio Solution File, Format Version 12.00
# Visual Studio Version 17
VisualStudioVersion = 17.0.31903.59
MinimumVisualStudioVersion = 10.0.40219.1
Project("{2150E333-8FDC-42A3-9474-1A3956D46DE8}") = "src", "src", "{EEBC4D9F-FCE9-4F37-8C48-7D9512302129}"
EndProject
Project("{FAE04EC0-301F-11D3-BF4B-00C04F79EFBC}") = "EnumClass.Generator", "src\EnumClass.Generator\EnumClass.Generator.csproj", "{2B03E852-A29E-4881-A013-BDC01C5021FF}"
EndProject
Project("{FAE04EC0-301F-11D3-BF4B-00C04F79EFBC}") = "EnumClass.Attributes", "src\EnumClass.Attributes\EnumClass.Attributes.csproj", "{B231FC95-BBE9-487B-9DCD-50078DE2E938}"
EndProject
Global
	GlobalSection(SolutionConfigurationPlatforms) = preSolution
		Debug|Any CPU = Debug|Any CPU
		Release|Any CPU = Release|Any CPU
	EndGlobalSection
	GlobalSection(SolutionProperties) = preSolution
		HideSolutionNode = FALSE
	EndGlobalSection
	GlobalSection(ProjectConfigurationPlatforms) = postSolution
		{2B03E852-A29E-4881-A013-BDC01C5021FF}.Debug|Any CPU.ActiveCfg = Debug|Any CPU
		{2B03E852-A29E-4881-A013-BDC01C5021FF}.Debug|Any CPU.Build.0 = Debug|Any CPU
		{2B03E852-A29E-4881-A013-BDC01C5021FF}.Release|Any CPU.ActiveCfg = Release|Any CPU
		{2B03E852-A29E-4881-A013-BDC01C5021FF}.Release|Any CPU.Build.0 = Release|Any CPU
		{B231FC95-BBE9-487B-9DCD-50078DE2E938}.Debug|Any CPU.ActiveCfg = Debug|Any CPU
		{B231FC95-BBE9-487B-9DCD-50078DE2E938}.Debug|Any CPU.Build.0 = Debug|Any CPU
		{B231FC95-BBE9-487B-9DCD-50078DE2E938}.Release|Any CPU.ActiveCfg = Release|Any CPU
		{B231FC95-BBE9-487B-9DCD-50078DE2E938}.Release|Any CPU.Build.0 = Release|Any CPU
	EndGlobalSection
	GlobalSection(NestedProjects) = preSolution
		{2B03E852-A29E-4881-A013-BDC01C5021FF} = {EEBC4D9F-FCE9-4F37-8C48-7D9512302129}
		{B231FC95-BBE9-487B-9DCD-50078DE2E938} = {EEBC4D9F-FCE9-4F37-8C48-7D9512302129}
	EndGlobalSection
EndGlobal
