
Microsoft Visual Studio Solution File, Format Version 12.00
# Visual Studio Version 17
VisualStudioVersion = 17.0.31903.59
MinimumVisualStudioVersion = 10.0.40219.1
Project("{2150E333-8FDC-42A3-9474-1A3956D46DE8}") = "src", "src", "{EEBC4D9F-FCE9-4F37-8C48-7D9512302129}"
EndProject
Project("{FAE04EC0-301F-11D3-BF4B-00C04F79EFBC}") = "EnumClass.Generator", "src\EnumClass.Generator\EnumClass.Generator.csproj", "{2B03E852-A29E-4881-A013-BDC01C5021FF}"
EndProject
Project("{2150E333-8FDC-42A3-9474-1A3956D46DE8}") = "tests", "tests", "{26FD7445-A8B3-45A5-85C1-FAAAF2C00335}"
EndProject
Project("{FAE04EC0-301F-11D3-BF4B-00C04F79EFBC}") = "EnumClass.Generator.Tests.Integration", "tests\EnumClass.Generator.Tests.Integration\EnumClass.Generator.Tests.Integration.csproj", "{AF51E3DD-8168-4FAF-8511-E32AD3EA4517}"
EndProject
Project("{2150E333-8FDC-42A3-9474-1A3956D46DE8}") = "samples", "samples", "{06B1141F-5E62-4F18-9ADC-3D8205E1BA8A}"
EndProject
Project("{FAE04EC0-301F-11D3-BF4B-00C04F79EFBC}") = "EnumClass.RawEnumComparison", "samples\EnumClass.RawEnumComparison\EnumClass.RawEnumComparison.csproj", "{281C37D9-4C44-435B-8509-DBAD10A7883D}"
EndProject
Project("{FAE04EC0-301F-11D3-BF4B-00C04F79EFBC}") = "EnumClass.Generator.Benchmarks", "tests\EnumClass.Generator.Benchmarks\EnumClass.Generator.Benchmarks.csproj", "{39FA96D2-2ED8-472A-9B5A-E65E4FA1B928}"
EndProject
Project("{FAE04EC0-301F-11D3-BF4B-00C04F79EFBC}") = "EnumClass.NestedEnum", "samples\EnumClass.NestedEnum\EnumClass.NestedEnum.csproj", "{FBF09767-6C5A-4893-9C30-5A6813BF077D}"
EndProject
Project("{FAE04EC0-301F-11D3-BF4B-00C04F79EFBC}") = "EnumClass.Generator.Tests", "tests\EnumClass.Generator.Tests\EnumClass.Generator.Tests.csproj", "{0C47515F-9B91-42C3-9F13-D28489DEF351}"
EndProject
Project("{FAE04EC0-301F-11D3-BF4B-00C04F79EFBC}") = "EnumClass.Attributes", "src\EnumClass.Attributes\EnumClass.Attributes.csproj", "{9FCCD3C3-F6C0-419E-9234-EE5864845510}"
EndProject
Project("{FAE04EC0-301F-11D3-BF4B-00C04F79EFBC}") = "EnumClass.Core", "src\EnumClass.Core\EnumClass.Core.csproj", "{C3774EC8-9D58-4C27-B971-382F1F284EBB}"
EndProject
Global
	GlobalSection(SolutionConfigurationPlatforms) = preSolution
		Debug|Any CPU = Debug|Any CPU
		Release|Any CPU = Release|Any CPU
	EndGlobalSection
	GlobalSection(SolutionProperties) = preSolution
		HideSolutionNode = FALSE
	EndGlobalSection
	GlobalSection(ProjectConfigurationPlatforms) = postSolution
		{2B03E852-A29E-4881-A013-BDC01C5021FF}.Debug|Any CPU.ActiveCfg = Debug|Any CPU
		{2B03E852-A29E-4881-A013-BDC01C5021FF}.Debug|Any CPU.Build.0 = Debug|Any CPU
		{2B03E852-A29E-4881-A013-BDC01C5021FF}.Release|Any CPU.ActiveCfg = Release|Any CPU
		{2B03E852-A29E-4881-A013-BDC01C5021FF}.Release|Any CPU.Build.0 = Release|Any CPU
		{AF51E3DD-8168-4FAF-8511-E32AD3EA4517}.Debug|Any CPU.ActiveCfg = Debug|Any CPU
		{AF51E3DD-8168-4FAF-8511-E32AD3EA4517}.Debug|Any CPU.Build.0 = Debug|Any CPU
		{AF51E3DD-8168-4FAF-8511-E32AD3EA4517}.Release|Any CPU.ActiveCfg = Release|Any CPU
		{AF51E3DD-8168-4FAF-8511-E32AD3EA4517}.Release|Any CPU.Build.0 = Release|Any CPU
		{281C37D9-4C44-435B-8509-DBAD10A7883D}.Debug|Any CPU.ActiveCfg = Debug|Any CPU
		{281C37D9-4C44-435B-8509-DBAD10A7883D}.Debug|Any CPU.Build.0 = Debug|Any CPU
		{281C37D9-4C44-435B-8509-DBAD10A7883D}.Release|Any CPU.ActiveCfg = Release|Any CPU
		{281C37D9-4C44-435B-8509-DBAD10A7883D}.Release|Any CPU.Build.0 = Release|Any CPU
		{39FA96D2-2ED8-472A-9B5A-E65E4FA1B928}.Debug|Any CPU.ActiveCfg = Debug|Any CPU
		{39FA96D2-2ED8-472A-9B5A-E65E4FA1B928}.Debug|Any CPU.Build.0 = Debug|Any CPU
		{39FA96D2-2ED8-472A-9B5A-E65E4FA1B928}.Release|Any CPU.ActiveCfg = Release|Any CPU
		{39FA96D2-2ED8-472A-9B5A-E65E4FA1B928}.Release|Any CPU.Build.0 = Release|Any CPU
		{FBF09767-6C5A-4893-9C30-5A6813BF077D}.Debug|Any CPU.ActiveCfg = Debug|Any CPU
		{FBF09767-6C5A-4893-9C30-5A6813BF077D}.Debug|Any CPU.Build.0 = Debug|Any CPU
		{FBF09767-6C5A-4893-9C30-5A6813BF077D}.Release|Any CPU.ActiveCfg = Release|Any CPU
		{FBF09767-6C5A-4893-9C30-5A6813BF077D}.Release|Any CPU.Build.0 = Release|Any CPU
		{0C47515F-9B91-42C3-9F13-D28489DEF351}.Debug|Any CPU.ActiveCfg = Debug|Any CPU
		{0C47515F-9B91-42C3-9F13-D28489DEF351}.Debug|Any CPU.Build.0 = Debug|Any CPU
		{0C47515F-9B91-42C3-9F13-D28489DEF351}.Release|Any CPU.ActiveCfg = Release|Any CPU
		{0C47515F-9B91-42C3-9F13-D28489DEF351}.Release|Any CPU.Build.0 = Release|Any CPU
		{9FCCD3C3-F6C0-419E-9234-EE5864845510}.Debug|Any CPU.ActiveCfg = Debug|Any CPU
		{9FCCD3C3-F6C0-419E-9234-EE5864845510}.Debug|Any CPU.Build.0 = Debug|Any CPU
		{9FCCD3C3-F6C0-419E-9234-EE5864845510}.Release|Any CPU.ActiveCfg = Release|Any CPU
		{9FCCD3C3-F6C0-419E-9234-EE5864845510}.Release|Any CPU.Build.0 = Release|Any CPU
		{C3774EC8-9D58-4C27-B971-382F1F284EBB}.Debug|Any CPU.ActiveCfg = Debug|Any CPU
		{C3774EC8-9D58-4C27-B971-382F1F284EBB}.Debug|Any CPU.Build.0 = Debug|Any CPU
		{C3774EC8-9D58-4C27-B971-382F1F284EBB}.Release|Any CPU.ActiveCfg = Release|Any CPU
		{C3774EC8-9D58-4C27-B971-382F1F284EBB}.Release|Any CPU.Build.0 = Release|Any CPU
	EndGlobalSection
	GlobalSection(NestedProjects) = preSolution
		{2B03E852-A29E-4881-A013-BDC01C5021FF} = {EEBC4D9F-FCE9-4F37-8C48-7D9512302129}
		{AF51E3DD-8168-4FAF-8511-E32AD3EA4517} = {26FD7445-A8B3-45A5-85C1-FAAAF2C00335}
		{281C37D9-4C44-435B-8509-DBAD10A7883D} = {06B1141F-5E62-4F18-9ADC-3D8205E1BA8A}
		{39FA96D2-2ED8-472A-9B5A-E65E4FA1B928} = {26FD7445-A8B3-45A5-85C1-FAAAF2C00335}
		{FBF09767-6C5A-4893-9C30-5A6813BF077D} = {06B1141F-5E62-4F18-9ADC-3D8205E1BA8A}
		{0C47515F-9B91-42C3-9F13-D28489DEF351} = {26FD7445-A8B3-45A5-85C1-FAAAF2C00335}
		{9FCCD3C3-F6C0-419E-9234-EE5864845510} = {EEBC4D9F-FCE9-4F37-8C48-7D9512302129}
		{C3774EC8-9D58-4C27-B971-382F1F284EBB} = {EEBC4D9F-FCE9-4F37-8C48-7D9512302129}
	EndGlobalSection
EndGlobal
